
Microsoft Visual Studio Solution File, Format Version 12.00
# Visual Studio Version 17
VisualStudioVersion = 17.14.36109.1 d17.14
MinimumVisualStudioVersion = 10.0.40219.1
Project("{FAE04EC0-301F-11D3-BF4B-00C04F79EFBC}") = "MMG-IIA", "MMG-IIA.csproj", "{43BB1974-071D-4461-A508-1E3CC7F1707D}"
EndProject
Global
	GlobalSection(SolutionConfigurationPlatforms) = preSolution
		Debug|Any CPU = Debug|Any CPU
		Release|Any CPU = Release|Any CPU
	EndGlobalSection
	GlobalSection(ProjectConfigurationPlatforms) = postSolution
		{43BB1974-071D-4461-A508-1E3CC7F1707D}.Debug|Any CPU.ActiveCfg = Debug|Any CPU
		{43BB1974-071D-4461-A508-1E3CC7F1707D}.Debug|Any CPU.Build.0 = Debug|Any CPU
		{43BB1974-071D-4461-A508-1E3CC7F1707D}.Release|Any CPU.ActiveCfg = Release|Any CPU
		{43BB1974-071D-4461-A508-1E3CC7F1707D}.Release|Any CPU.Build.0 = Release|Any CPU
	EndGlobalSection
	GlobalSection(SolutionProperties) = preSolution
		HideSolutionNode = FALSE
	EndGlobalSection
	GlobalSection(ExtensibilityGlobals) = postSolution
		SolutionGuid = {1AF819B3-0358-432D-8960-25DFFB66D455}
	EndGlobalSection
EndGlobal
